
Microsoft Visual Studio Solution File, Format Version 12.00
# Visual Studio Version 16
VisualStudioVersion = 16.0.29709.97
MinimumVisualStudioVersion = 10.0.40219.1
Project("{FAE04EC0-301F-11D3-BF4B-00C04F79EFBC}") = "RequestProcessorSample", "RequestProcessorSample\RequestProcessorSample.csproj", "{0B078DC9-82CF-4BD2-A2EA-B2057FB00757}"
EndProject
Global
	GlobalSection(SolutionConfigurationPlatforms) = preSolution
		Debug|Any CPU = Debug|Any CPU
		Release|Any CPU = Release|Any CPU
	EndGlobalSection
	GlobalSection(ProjectConfigurationPlatforms) = postSolution
		{0B078DC9-82CF-4BD2-A2EA-B2057FB00757}.Debug|Any CPU.ActiveCfg = Debug|Any CPU
		{0B078DC9-82CF-4BD2-A2EA-B2057FB00757}.Debug|Any CPU.Build.0 = Debug|Any CPU
		{0B078DC9-82CF-4BD2-A2EA-B2057FB00757}.Release|Any CPU.ActiveCfg = Release|Any CPU
		{0B078DC9-82CF-4BD2-A2EA-B2057FB00757}.Release|Any CPU.Build.0 = Release|Any CPU
	EndGlobalSection
	GlobalSection(SolutionProperties) = preSolution
		HideSolutionNode = FALSE
	EndGlobalSection
	GlobalSection(ExtensibilityGlobals) = postSolution
		SolutionGuid = {96DCAEF4-40E7-4C8D-9D7B-D5A43F05A0CF}
	EndGlobalSection
EndGlobal
